# Полный снимок окружения darwin_resp (conda env export --no-builds), 2026-10.
# Создание: conda env create -n darwin_resp -f darwin_resp.lock.yml
name: darwin_resp
channels:
  - psi4
  - conda-forge
  - defaults
dependencies:
  - _openmp_mutex=4.5
  - _python_abi3_support=1.0
  - aiohappyeyeballs=2.6.1
  - aiohttp=3.12.15
  - aiosignal=1.4.0
  - alembic=1.16.4
  - ambit=0.6
  - anyio=4.10.0
  - apsw=3.46.0.1
  - argon2-cffi=25.1.0
  - argon2-cffi-bindings=25.1.0
  - arrow=1.3.0
  - asttokens=3.0.0
  - async-lru=2.0.5
  - async-timeout=5.0.1
  - attrs=25.3.0
  - babel=2.17.0
  - bcrypt=4.3.0
  - beautifulsoup4=4.13.4
  - blas=1.0
  - bleach=6.2.0
  - bleach-with-css=6.2.0
  - blinker=1.9.0
  - boto3=1.40.13
  - botocore=1.40.13
  - brotli=1.2.0
  - brotli-bin=1.2.0
  - brotli-python=1.0.9
  - bzip2=1.0.8
  - ca-certificates=2026.7.22
  - cached-property=1.5.2
  - cached_property=1.5.2
  - cairo=1.18.0
  - certifi=2025.8.3
  - cffi=1.17.1
  - charset-normalizer=3.5.2
  - chemps2=1.8.11
  - click=8.1.8
  - colorama=0.4.6
  - comm=0.2.3
  - contourpy=1.3.0
  - cpython=3.9.23
  - cryptography=45.0.6
  - cycler=0.12.1
  - debugpy=1.8.16
  - decorator=5.2.1
  - defusedxml=0.7.1
  - dftd3=3.2.1
  - dill=0.4.0
  - dkh=1.2
  - exceptiongroup=1.3.0
  - executing=2.2.0
  - expat=2.8.5
  - filelock=3.19.1
  - flask=3.1.2
  - flask-cors=6.0.1
  - flask-jwt-extended=4.7.0
  - font-ttf-dejavu-sans-mono=2.37
  - font-ttf-inconsolata=3.000
  - font-ttf-source-code-pro=2.038
  - font-ttf-ubuntu=0.83
  - fontconfig=2.14.2
  - fonts-conda-ecosystem=1
  - fonts-conda-forge=1
  - fonttools=4.59.1
  - fqdn=1.5.1
  - freetype=2.12.1
  - freetype-py=2.3.0
  - frozenlist=1.7.0
  - gau2grid=2.0.7
  - gcp=2.0.2
  - gdma=2.2.6
  - geoip2=4.8.0
  - geometric=1.1
  - globus-sdk=3.62.0
  - greenlet=3.2.4
  - h11=0.16.0
  - h2=4.2.0
  - h5py=3.1.0
  - hdf5=1.10.6
  - hpack=4.1.0
  - httpcore=1.0.9
  - httpx=0.28.1
  - hyperframe=6.1.0
  - icu=73.2
  - idna=3.11
  - importlib-metadata=8.7.0
  - importlib-resources=6.5.2
  - importlib_metadata=8.7.0
  - importlib_resources=6.5.2
  - iniconfig=2.0.0
  - intel-openmp=2021.4.0
  - ipykernel=6.30.1
  - ipython=8.18.1
  - ipywidgets=8.1.7
  - isoduration=20.11.0
  - itsdangerous=2.2.0
  - jedi=0.19.2
  - jinja2=3.1.6
  - jmespath=1.0.1
  - json5=0.12.1
  - jsonpointer=3.0.0
  - jsonschema=4.25.1
  - jsonschema-specifications=2025.4.1
  - jsonschema-with-format-nongpl=4.25.1
  - jupyter-lsp=2.2.6
  - jupyter_client=8.6.3
  - jupyter_core=5.8.1
  - jupyter_events=0.12.0
  - jupyter_server=2.16.0
  - jupyter_server_terminals=0.5.3
  - jupyterlab=4.4.6
  - jupyterlab_pygments=0.3.0
  - jupyterlab_server=2.27.3
  - jupyterlab_widgets=3.0.15
  - keyutils=1.6.3
  - kiwisolver=1.4.7
  - krb5=1.22.2
  - lark=1.2.2
  - lcms2=2.16
  - ld_impl_linux-64=2.46.1
  - lerc=4.2.0
  - libblas=3.9.0
  - libboost=1.84.0
  - libboost-python=1.84.0
  - libbrotlicommon=1.2.0
  - libbrotlidec=1.2.0
  - libbrotlienc=1.2.0
  - libcblas=3.9.0
  - libdeflate=1.25
  - libecpint=1.0.7
  - libedit=3.1.20250104
  - libexpat=2.8.5
  - libffi=3.7.0
  - libgcc=16.2.0
  - libgcc-ng=16.2.0
  - libgfortran=16.2.0
  - libgfortran-ng=16.2.0
  - libgfortran5=16.2.0
  - libglib=2.80.2
  - libgomp=16.2.0
  - libiconv=1.18
  - libint2=2.7.1
  - libjpeg-turbo=3.2.0
  - liblapack=3.9.0
  - liblzma=5.8.3
  - liblzma-devel=5.8.3
  - libnsl=2.0.1
  - libpng=1.6.43
  - libpq=16.15
  - librdkit=2024.03.6
  - libsodium=1.0.20
  - libsqlite=3.46.0
  - libstdcxx=16.2.0
  - libstdcxx-ng=16.2.0
  - libtiff=4.6.0
  - libuuid=2.42.4
  - libwebp-base=1.6.0
  - libxc=5.1.5
  - libxcb=1.15
  - libxcrypt=4.4.38
  - libzlib=1.2.13
  - mako=1.3.10
  - markupsafe=3.0.2
  - matplotlib-base=3.9.4
  - matplotlib-inline=0.1.7
  - maxminddb=2.6.2
  - mistune=3.1.3
  - mkl=2021.4.0
  - mkl-service=2.4.0
  - msgpack-python=1.1.1
  - multidict=6.6.3
  - munkres=1.1.4
  - nbclient=0.10.4
  - nbconvert-core=7.16.6
  - nbformat=5.10.4
  - ncurses=6.6
  - nest-asyncio=1.6.0
  - networkx=3.2.1
  - nglview=3.1.4
  - notebook=7.4.5
  - notebook-shim=0.2.4
  - numpy=1.26.4
  - openjpeg=2.5.2
  - openssl=3.6.4
  - overrides=7.7.0
  - packaging=26.3
  - pandas=2.3.1
  - pandocfilters=1.5.0
  - parsl=2025.8.18
  - parso=0.8.4
  - pcmsolver=1.2.1.1
  - pcre2=10.43
  - pexpect=4.9.0
  - pickleshare=0.7.5
  - pillow=10.3.0
  - pint=0.17
  - pip=25.2
  - pixman=0.46.4
  - platformdirs=4.3.8
  - pluggy=1.6.0
  - prometheus_client=0.22.1
  - prompt-toolkit=3.0.51
  - propcache=0.3.1
  - psi4=1.6.1+5b9f6e3
  - psiresp=0.4.2
  - psiresp-base=0.4.2
  - psutil=7.0.0
  - psycopg2=2.9.9
  - pthread-stubs=0.4
  - ptyprocess=0.7.0
  - pure_eval=0.2.3
  - py-cpuinfo=9.0.0
  - pycairo=1.27.0
  - pycalverter=1.6.1
  - pycparser=2.22
  - pydantic=1.10.21
  - pygments=2.19.2
  - pyjwt=2.10.1
  - pyparsing=3.2.3
  - pysocks=1.7.1
  - pytest=8.4.1
  - python=3.9.19
  - python-dateutil=2.9.0.post0
  - python-fastjsonschema=2.21.2
  - python-gil=3.9.23
  - python-json-logger=2.0.7
  - python-tzdata=2025.2
  - python_abi=3.9
  - pytz=2025.2
  - pyyaml=6.0.2
  - pyzmq=27.0.2
  - qcelemental=0.25.1
  - qcengine=0.24.1
  - qcfractal=0.62
  - qcfractalcompute=0.62
  - qcmanybody=0.5.1
  - qcportal=0.62
  - qhull=2020.2
  - rdkit=2024.03.6
  - readline=8.3
  - referencing=0.36.2
  - reportlab=5.0.1
  - requests=2.32.5
  - rfc3339-validator=0.1.4
  - rfc3986-validator=0.1.1
  - rfc3987-syntax=1.1.0
  - rlpycairo=0.2.0
  - rpds-py=0.27.0
  - s3transfer=0.13.1
  - scipy=1.13.1
  - send2trash=1.8.3
  - setproctitle=1.3.6
  - setuptools=79.0.1
  - simint=0.7
  - six=1.17.0
  - sniffio=1.3.1
  - sortedcontainers=2.4.0
  - soupsieve=2.7
  - sqlalchemy=2.0.43
  - sqlite=3.46.0
  - stack_data=0.6.3
  - tabulate=0.9.0
  - tblib=3.1.0
  - terminado=0.18.1
  - tinycss2=1.4.0
  - tk=8.6.13
  - tomli=2.2.1
  - tornado=6.5.2
  - torsiondrive=1.2.0
  - tqdm=4.67.1
  - traitlets=5.14.3
  - typeguard=4.4.4
  - types-python-dateutil=2.9.0.20250809
  - typing-extensions=4.14.1
  - typing_extensions=4.14.1
  - typing_utils=0.1.0
  - tzdata=2026c
  - unicodedata2=16.0.0
  - uri-template=1.3.0
  - urllib3=1.26.19
  - waitress=3.0.2
  - wcwidth=0.2.13
  - webcolors=24.11.1
  - webencodings=0.5.1
  - websocket-client=1.8.0
  - werkzeug=3.1.3
  - wheel=0.45.1
  - widgetsnbextension=4.0.14
  - xorg-kbproto=1.0.7
  - xorg-libice=1.1.2
  - xorg-libsm=1.2.6
  - xorg-libx11=1.8.9
  - xorg-libxau=1.0.12
  - xorg-libxdmcp=1.1.5
  - xorg-libxext=1.3.4
  - xorg-libxrender=0.9.11
  - xorg-renderproto=0.11.1
  - xorg-xextproto=7.3.0
  - xorg-xproto=7.0.31
  - xz=5.8.3
  - xz-gpl-tools=5.8.3
  - xz-tools=5.8.3
  - yaml=0.2.5
  - yarl=1.20.1
  - zeromq=4.3.5
  - zipp=3.23.0
  - zlib=1.2.13
  - zstandard=0.23.0
  - zstd=1.5.6
